# AutoJs6 6.8.0 host API release AAR, staged on 2026-10-02 from the host snapshot 77b5a3b0c5 (build 5307, roadmap P0.1).
# common-plugin-api: module unchanged since host commit 9c3ba2e520 (2026-09-15); byte-identical to the artifact staged by
#   3-Setup Installer and 3-Shell Terminal. compose-ui-api is the P0.2 release AAR draft from the isolated
#   host spike branch based on e86186920d (build 5309); V1 is not frozen yet (see libs/README.md).
format=1
common-plugin-api.file=common-plugin-api.aar
common-plugin-api.sha256=ee7eb7879a53506c4cca5e2d19d3058e28df2168fb33351a52302a3b9e532e15
compose-ui-api.file=compose-ui-api.aar
compose-ui-api.sha256=c39b0cc59834d1b9e98d7b2fdde5b8184eae7ff9fe8ff2d32a843f53a44ca437
